
Microsoft Visual Studio Solution File, Format Version 12.00
# Visual Studio Version 17
VisualStudioVersion = 17.7.34031.279
MinimumVisualStudioVersion = 10.0.40219.1
Project("{FAE04EC0-301F-11D3-BF4B-00C04F79EFBC}") = "BiOnline_launcher_dev_ver", "BiOnline_launcher_dev_ver.csproj", "{D0C45EE8-BB62-4FFD-94C5-9C405B6B4EBF}"
EndProject
Global
	GlobalSection(SolutionConfigurationPlatforms) = preSolution
		Debug|Any CPU = Debug|Any CPU
		Release|Any CPU = Release|Any CPU
	EndGlobalSection
	GlobalSection(ProjectConfigurationPlatforms) = postSolution
		{D0C45EE8-BB62-4FFD-94C5-9C405B6B4EBF}.Debug|Any CPU.ActiveCfg = Debug|Any CPU
		{D0C45EE8-BB62-4FFD-94C5-9C405B6B4EBF}.Debug|Any CPU.Build.0 = Debug|Any CPU
		{D0C45EE8-BB62-4FFD-94C5-9C405B6B4EBF}.Release|Any CPU.ActiveCfg = Release|Any CPU
		{D0C45EE8-BB62-4FFD-94C5-9C405B6B4EBF}.Release|Any CPU.Build.0 = Release|Any CPU
	EndGlobalSection
	GlobalSection(SolutionProperties) = preSolution
		HideSolutionNode = FALSE
	EndGlobalSection
	GlobalSection(ExtensibilityGlobals) = postSolution
		SolutionGuid = {DBB9B02E-1E18-496B-BC2F-9D9D6FA1A93D}
	EndGlobalSection
EndGlobal
